// !$*UTF8*$!
{
	archiveVersion = 1;
	classes = {
	};
	objectVersion = 46;
	objects = {

/* Begin PBXBuildFile section */
		29084D3B1EFD4B5C001E6848 /* SettingsTableViewController.swift in Sources */ = {isa = PBXBuildFile; fileRef = 29084D3A1EFD4B5C001E6848 /* SettingsTableViewController.swift */; };
		29084D3D1EFE9175001E6848 /* CalculationMethodsTableViewController.swift in Sources */ = {isa = PBXBuildFile; fileRef = 29084D3C1EFE9175001E6848 /* CalculationMethodsTableViewController.swift */; };
		2941A400245FF37400F73411 /* Extensions.swift in Sources */ = {isa = PBXBuildFile; fileRef = 2941A3FF245FF37400F73411 /* Extensions.swift */; };
		294F99E31FC70D9200925A89 /* LocationUtil.swift in Sources */ = {isa = PBXBuildFile; fileRef = 294F99E21FC70D9200925A89 /* LocationUtil.swift */; };
		2957738F2464E4EA00129585 /* Cities.csv in Resources */ = {isa = PBXBuildFile; fileRef = 2957738E2464E4EA00129585 /* Cities.csv */; };
		295773912464E5C500129585 /* ChooseIntervalsTableViewController.swift in Sources */ = {isa = PBXBuildFile; fileRef = 295773902464E5C400129585 /* ChooseIntervalsTableViewController.swift */; };
		296A7A941F795F9C00F3B608 /* PickerViewController.swift in Sources */ = {isa = PBXBuildFile; fileRef = 296A7A931F795F9C00F3B608 /* PickerViewController.swift */; };
		297777FE1ECAF79B00E21949 /* CoreLocation.framework in Frameworks */ = {isa = PBXBuildFile; fileRef = 297777FD1ECAF79B00E21949 /* CoreLocation.framework */; };
		29B8BB5D1EDE0223006E3FD0 /* CalendarViewController.swift in Sources */ = {isa = PBXBuildFile; fileRef = 29B8BB5C1EDE0223006E3FD0 /* CalendarViewController.swift */; };
		29CFF8A01D964A0800AA3652 /* AppDelegate.swift in Sources */ = {isa = PBXBuildFile; fileRef = 29CFF89F1D964A0800AA3652 /* AppDelegate.swift */; };
		29CFF8A21D964A0900AA3652 /* ViewController.swift in Sources */ = {isa = PBXBuildFile; fileRef = 29CFF8A11D964A0900AA3652 /* ViewController.swift */; };
		29CFF8A51D964A0900AA3652 /* Main.storyboard in Resources */ = {isa = PBXBuildFile; fileRef = 29CFF8A31D964A0900AA3652 /* Main.storyboard */; };
		29CFF8AA1D964A0900AA3652 /* Assets.xcassets in Resources */ = {isa = PBXBuildFile; fileRef = 29CFF8A91D964A0900AA3652 /* Assets.xcassets */; };
		29CFF8AD1D964A0900AA3652 /* LaunchScreen.storyboard in Resources */ = {isa = PBXBuildFile; fileRef = 29CFF8AB1D964A0900AA3652 /* LaunchScreen.storyboard */; };
		29CFF8B51D964A7700AA3652 /* SuhurandIftarCalculator.swift in Sources */ = {isa = PBXBuildFile; fileRef = 29CFF8B41D964A7700AA3652 /* SuhurandIftarCalculator.swift */; };
		29CFF8BC1D964F4300AA3652 /* Cities.tsv in Resources */ = {isa = PBXBuildFile; fileRef = 29CFF8B61D964F4300AA3652 /* Cities.tsv */; };
		29CFF8BD1D964F4300AA3652 /* stopeating.mp3 in Resources */ = {isa = PBXBuildFile; fileRef = 29CFF8B71D964F4300AA3652 /* stopeating.mp3 */; };
		29CFF8BE1D964F4300AA3652 /* tenminutesleft.mp3 in Resources */ = {isa = PBXBuildFile; fileRef = 29CFF8B81D964F4300AA3652 /* tenminutesleft.mp3 */; };
		29CFF8BF1D964F4300AA3652 /* thirtyminutesleft.mp3 in Resources */ = {isa = PBXBuildFile; fileRef = 29CFF8B91D964F4300AA3652 /* thirtyminutesleft.mp3 */; };
		29CFF8C11D964F4300AA3652 /* twentyminutesleft.mp3 in Resources */ = {isa = PBXBuildFile; fileRef = 29CFF8BB1D964F4300AA3652 /* twentyminutesleft.mp3 */; };
		29CFF8C31D964FA800AA3652 /* oneminuteleft.mp3 in Resources */ = {isa = PBXBuildFile; fileRef = 29CFF8C21D964FA800AA3652 /* oneminuteleft.mp3 */; };
		29CFF8C51D964FC200AA3652 /* fiveminutesleft.mp3 in Resources */ = {isa = PBXBuildFile; fileRef = 29CFF8C41D964FC200AA3652 /* fiveminutesleft.mp3 */; };
		29CFF8C71D964FCC00AA3652 /* breakfast.mp3 in Resources */ = {isa = PBXBuildFile; fileRef = 29CFF8C61D964FCC00AA3652 /* breakfast.mp3 */; };
		29CFF8CA1D965ED500AA3652 /* HelpfulFunctions.swift in Sources */ = {isa = PBXBuildFile; fileRef = 29CFF8C91D965ED500AA3652 /* HelpfulFunctions.swift */; };
		29D18B8A1EF2D525002639E7 /* Alarm.swift in Sources */ = {isa = PBXBuildFile; fileRef = 29D18B891EF2D525002639E7 /* Alarm.swift */; };
		29D18B8C1EF2D64C002639E7 /* AlarmManager.swift in Sources */ = {isa = PBXBuildFile; fileRef = 29D18B8B1EF2D64C002639E7 /* AlarmManager.swift */; };
		29D18B8E1EF409A0002639E7 /* CustomCollectionViewLayout.swift in Sources */ = {isa = PBXBuildFile; fileRef = 29D18B8D1EF409A0002639E7 /* CustomCollectionViewLayout.swift */; };
		29D18B921EF6841F002639E7 /* TextCell.swift in Sources */ = {isa = PBXBuildFile; fileRef = 29D18B911EF6841F002639E7 /* TextCell.swift */; };
		29D8995C20DD241300D42F20 /* HighLatFajrMethodViewController.swift in Sources */ = {isa = PBXBuildFile; fileRef = 29D8995B20DD241300D42F20 /* HighLatFajrMethodViewController.swift */; };
		29D8996420DFED7900D42F20 /* LocationSearchViewController.swift in Sources */ = {isa = PBXBuildFile; fileRef = 29D8996320DFED7900D42F20 /* LocationSearchViewController.swift */; };
		29D8996A20DFFCD600D42F20 /* RamadanTimer.xcdatamodeld in Sources */ = {isa = PBXBuildFile; fileRef = 29D8996820DFFCD600D42F20 /* RamadanTimer.xcdatamodeld */; };
		29D8996C20E91C4E00D42F20 /* LocationDetailViewController.swift in Sources */ = {isa = PBXBuildFile; fileRef = 29D8996B20E91C4E00D42F20 /* LocationDetailViewController.swift */; };
		29D8DFD21EDAEB2500427359 /* UserSettings.swift in Sources */ = {isa = PBXBuildFile; fileRef = 29D8DFD11EDAEB2500427359 /* UserSettings.swift */; };
		29FC56961EF83AD700B1D443 /* SimpleImageSlideshow.swift in Sources */ = {isa = PBXBuildFile; fileRef = 29FC56951EF83AD700B1D443 /* SimpleImageSlideshow.swift */; };
/* End PBXBuildFile section */

/* Begin PBXFileReference section */
		29084D3A1EFD4B5C001E6848 /* SettingsTableViewController.swift */ = {isa = PBXFileReference; fileEncoding = 4; lastKnownFileType = sourcecode.swift; path = SettingsTableViewController.swift; sourceTree = "<group>"; };
		29084D3C1EFE9175001E6848 /* CalculationMethodsTableViewController.swift */ = {isa = PBXFileReference; fileEncoding = 4; lastKnownFileType = sourcecode.swift; path = CalculationMethodsTableViewController.swift; sourceTree = "<group>"; };
		2941A3FF245FF37400F73411 /* Extensions.swift */ = {isa = PBXFileReference; lastKnownFileType = sourcecode.swift; path = Extensions.swift; sourceTree = "<group>"; };
		294F99E21FC70D9200925A89 /* LocationUtil.swift */ = {isa = PBXFileReference; lastKnownFileType = sourcecode.swift; path = LocationUtil.swift; sourceTree = "<group>"; };
		2957738E2464E4EA00129585 /* Cities.csv */ = {isa = PBXFileReference; fileEncoding = 4; lastKnownFileType = text; path = Cities.csv; sourceTree = "<group>"; };
		295773902464E5C400129585 /* ChooseIntervalsTableViewController.swift */ = {isa = PBXFileReference; fileEncoding = 4; lastKnownFileType = sourcecode.swift; path = ChooseIntervalsTableViewController.swift; sourceTree = "<group>"; };
		296A7A931F795F9C00F3B608 /* PickerViewController.swift */ = {isa = PBXFileReference; fileEncoding = 4; lastKnownFileType = sourcecode.swift; path = PickerViewController.swift; sourceTree = "<group>"; };
		297777FD1ECAF79B00E21949 /* CoreLocation.framework */ = {isa = PBXFileReference; lastKnownFileType = wrapper.framework; name = CoreLocation.framework; path = System/Library/Frameworks/CoreLocation.framework; sourceTree = SDKROOT; };
		29B8BB5C1EDE0223006E3FD0 /* CalendarViewController.swift */ = {isa = PBXFileReference; fileEncoding = 4; lastKnownFileType = sourcecode.swift; path = CalendarViewController.swift; sourceTree = "<group>"; };
		29CFF89C1D964A0800AA3652 /* RamadanTimer.app */ = {isa = PBXFileReference; explicitFileType = wrapper.application; includeInIndex = 0; path = RamadanTimer.app; sourceTree = BUILT_PRODUCTS_DIR; };
		29CFF89F1D964A0800AA3652 /* AppDelegate.swift */ = {isa = PBXFileReference; lastKnownFileType = sourcecode.swift; path = AppDelegate.swift; sourceTree = "<group>"; };
		29CFF8A11D964A0900AA3652 /* ViewController.swift */ = {isa = PBXFileReference; lastKnownFileType = sourcecode.swift; path = ViewController.swift; sourceTree = "<group>"; };
		29CFF8A41D964A0900AA3652 /* Base */ = {isa = PBXFileReference; lastKnownFileType = file.storyboard; name = Base; path = Base.lproj/Main.storyboard; sourceTree = "<group>"; };
		29CFF8A91D964A0900AA3652 /* Assets.xcassets */ = {isa = PBXFileReference; lastKnownFileType = folder.assetcatalog; path = Assets.xcassets; sourceTree = "<group>"; };
		29CFF8AC1D964A0900AA3652 /* Base */ = {isa = PBXFileReference; lastKnownFileType = file.storyboard; name = Base; path = Base.lproj/LaunchScreen.storyboard; sourceTree = "<group>"; };
		29CFF8AE1D964A0900AA3652 /* Info.plist */ = {isa = PBXFileReference; lastKnownFileType = text.plist.xml; path = Info.plist; sourceTree = "<group>"; };
		29CFF8B41D964A7700AA3652 /* SuhurandIftarCalculator.swift */ = {isa = PBXFileReference; fileEncoding = 4; lastKnownFileType = sourcecode.swift; path = SuhurandIftarCalculator.swift; sourceTree = "<group>"; };
		29CFF8B61D964F4300AA3652 /* Cities.tsv */ = {isa = PBXFileReference; fileEncoding = 4; lastKnownFileType = text; path = Cities.tsv; sourceTree = "<group>"; };
		29CFF8B71D964F4300AA3652 /* stopeating.mp3 */ = {isa = PBXFileReference; lastKnownFileType = audio.mp3; path = stopeating.mp3; sourceTree = "<group>"; };
		29CFF8B81D964F4300AA3652 /* tenminutesleft.mp3 */ = {isa = PBXFileReference; lastKnownFileType = audio.mp3; path = tenminutesleft.mp3; sourceTree = "<group>"; };
		29CFF8B91D964F4300AA3652 /* thirtyminutesleft.mp3 */ = {isa = PBXFileReference; lastKnownFileType = audio.mp3; path = thirtyminutesleft.mp3; sourceTree = "<group>"; };
		29CFF8BB1D964F4300AA3652 /* twentyminutesleft.mp3 */ = {isa = PBXFileReference; lastKnownFileType = audio.mp3; path = twentyminutesleft.mp3; sourceTree = "<group>"; };
		29CFF8C21D964FA800AA3652 /* oneminuteleft.mp3 */ = {isa = PBXFileReference; lastKnownFileType = audio.mp3; path = oneminuteleft.mp3; sourceTree = "<group>"; };
		29CFF8C41D964FC200AA3652 /* fiveminutesleft.mp3 */ = {isa = PBXFileReference; lastKnownFileType = audio.mp3; path = fiveminutesleft.mp3; sourceTree = "<group>"; };
		29CFF8C61D964FCC00AA3652 /* breakfast.mp3 */ = {isa = PBXFileReference; lastKnownFileType = audio.mp3; path = breakfast.mp3; sourceTree = "<group>"; };
		29CFF8C91D965ED500AA3652 /* HelpfulFunctions.swift */ = {isa = PBXFileReference; fileEncoding = 4; lastKnownFileType = sourcecode.swift; path = HelpfulFunctions.swift; sourceTree = "<group>"; };
		29D18B891EF2D525002639E7 /* Alarm.swift */ = {isa = PBXFileReference; fileEncoding = 4; lastKnownFileType = sourcecode.swift; path = Alarm.swift; sourceTree = "<group>"; };
		29D18B8B1EF2D64C002639E7 /* AlarmManager.swift */ = {isa = PBXFileReference; fileEncoding = 4; lastKnownFileType = sourcecode.swift; path = AlarmManager.swift; sourceTree = "<group>"; };
		29D18B8D1EF409A0002639E7 /* CustomCollectionViewLayout.swift */ = {isa = PBXFileReference; fileEncoding = 4; lastKnownFileType = sourcecode.swift; path = CustomCollectionViewLayout.swift; sourceTree = "<group>"; };
		29D18B911EF6841F002639E7 /* TextCell.swift */ = {isa = PBXFileReference; fileEncoding = 4; lastKnownFileType = sourcecode.swift; path = TextCell.swift; sourceTree = "<group>"; };
		29D8995B20DD241300D42F20 /* HighLatFajrMethodViewController.swift */ = {isa = PBXFileReference; lastKnownFileType = sourcecode.swift; path = HighLatFajrMethodViewController.swift; sourceTree = "<group>"; };
		29D8996320DFED7900D42F20 /* LocationSearchViewController.swift */ = {isa = PBXFileReference; fileEncoding = 4; lastKnownFileType = sourcecode.swift; path = LocationSearchViewController.swift; sourceTree = "<group>"; };
		29D8996920DFFCD600D42F20 /* RamadanTimer.xcdatamodel */ = {isa = PBXFileReference; lastKnownFileType = wrapper.xcdatamodel; path = RamadanTimer.xcdatamodel; sourceTree = "<group>"; };
		29D8996B20E91C4E00D42F20 /* LocationDetailViewController.swift */ = {isa = PBXFileReference; lastKnownFileType = sourcecode.swift; path = LocationDetailViewController.swift; sourceTree = "<group>"; };
		29D8DFD11EDAEB2500427359 /* UserSettings.swift */ = {isa = PBXFileReference; fileEncoding = 4; lastKnownFileType = sourcecode.swift; path = UserSettings.swift; sourceTree = "<group>"; };
		29FC56951EF83AD700B1D443 /* SimpleImageSlideshow.swift */ = {isa = PBXFileReference; fileEncoding = 4; lastKnownFileType = sourcecode.swift; path = SimpleImageSlideshow.swift; sourceTree = "<group>"; };
/* End PBXFileReference section */

/* Begin PBXFrameworksBuildPhase section */
		29CFF8991D964A0800AA3652 /* Frameworks */ = {
			isa = PBXFrameworksBuildPhase;
			buildActionMask = 2147483647;
			files = (
				297777FE1ECAF79B00E21949 /* CoreLocation.framework in Frameworks */,
			);
			runOnlyForDeploymentPostprocessing = 0;
		};
/* End PBXFrameworksBuildPhase section */

/* Begin PBXGroup section */
		29084D3E1EFFC612001E6848 /* Settings */ = {
			isa = PBXGroup;
			children = (
				29084D3A1EFD4B5C001E6848 /* SettingsTableViewController.swift */,
				29084D3C1EFE9175001E6848 /* CalculationMethodsTableViewController.swift */,
				296A7A931F795F9C00F3B608 /* PickerViewController.swift */,
				29D8995B20DD241300D42F20 /* HighLatFajrMethodViewController.swift */,
				29D8996320DFED7900D42F20 /* LocationSearchViewController.swift */,
				29D8996B20E91C4E00D42F20 /* LocationDetailViewController.swift */,
				295773902464E5C400129585 /* ChooseIntervalsTableViewController.swift */,
			);
			name = Settings;
			sourceTree = "<group>";
		};
		294F99E11FC70D4A00925A89 /* Utils */ = {
			isa = PBXGroup;
			children = (
				29D18B8B1EF2D64C002639E7 /* AlarmManager.swift */,
				294F99E21FC70D9200925A89 /* LocationUtil.swift */,
				29D8DFD11EDAEB2500427359 /* UserSettings.swift */,
				29CFF8B41D964A7700AA3652 /* SuhurandIftarCalculator.swift */,
			);
			name = Utils;
			sourceTree = "<group>";
		};
		297777FC1ECAF79B00E21949 /* Frameworks */ = {
			isa = PBXGroup;
			children = (
				297777FD1ECAF79B00E21949 /* CoreLocation.framework */,
			);
			name = Frameworks;
			sourceTree = "<group>";
		};
		29B8BB5B1EDE01DB006E3FD0 /* View Controllers */ = {
			isa = PBXGroup;
			children = (
				29CFF8A11D964A0900AA3652 /* ViewController.swift */,
				29B8BB5C1EDE0223006E3FD0 /* CalendarViewController.swift */,
				29084D3E1EFFC612001E6848 /* Settings */,
			);
			name = "View Controllers";
			sourceTree = "<group>";
		};
		29CA29621FD90B87009036D2 /* Model */ = {
			isa = PBXGroup;
			children = (
				29D18B891EF2D525002639E7 /* Alarm.swift */,
			);
			name = Model;
			sourceTree = "<group>";
		};
		29CFF8931D964A0800AA3652 = {
			isa = PBXGroup;
			children = (
				29CFF89E1D964A0800AA3652 /* RamadanTimer */,
				29CFF89D1D964A0800AA3652 /* Products */,
				297777FC1ECAF79B00E21949 /* Frameworks */,
			);
			sourceTree = "<group>";
		};
		29CFF89D1D964A0800AA3652 /* Products */ = {
			isa = PBXGroup;
			children = (
				29CFF89C1D964A0800AA3652 /* RamadanTimer.app */,
			);
			name = Products;
			sourceTree = "<group>";
		};
		29CFF89E1D964A0800AA3652 /* RamadanTimer */ = {
			isa = PBXGroup;
			children = (
				29CFF8C91D965ED500AA3652 /* HelpfulFunctions.swift */,
				2941A3FF245FF37400F73411 /* Extensions.swift */,
				29CFF89F1D964A0800AA3652 /* AppDelegate.swift */,
				29CA29621FD90B87009036D2 /* Model */,
				294F99E11FC70D4A00925A89 /* Utils */,
				29B8BB5B1EDE01DB006E3FD0 /* View Controllers */,
				29D18B8F1EF409CE002639E7 /* Storyboards */,
				29D18B901EF40A07002639E7 /* Custom Views/Layouts */,
				29CFF8C81D964FE500AA3652 /* Resources */,
			);
			path = RamadanTimer;
			sourceTree = "<group>";
		};
		29CFF8C81D964FE500AA3652 /* Resources */ = {
			isa = PBXGroup;
			children = (
				29D8996820DFFCD600D42F20 /* RamadanTimer.xcdatamodeld */,
				29CFF8AE1D964A0900AA3652 /* Info.plist */,
				29CFF8A91D964A0900AA3652 /* Assets.xcassets */,
				29CFF8B61D964F4300AA3652 /* Cities.tsv */,
				2957738E2464E4EA00129585 /* Cities.csv */,
				29CFF8B71D964F4300AA3652 /* stopeating.mp3 */,
				29CFF8B81D964F4300AA3652 /* tenminutesleft.mp3 */,
				29CFF8B91D964F4300AA3652 /* thirtyminutesleft.mp3 */,
				29CFF8C21D964FA800AA3652 /* oneminuteleft.mp3 */,
				29CFF8C61D964FCC00AA3652 /* breakfast.mp3 */,
				29CFF8C41D964FC200AA3652 /* fiveminutesleft.mp3 */,
				29CFF8BB1D964F4300AA3652 /* twentyminutesleft.mp3 */,
			);
			name = Resources;
			sourceTree = "<group>";
		};
		29D18B8F1EF409CE002639E7 /* Storyboards */ = {
			isa = PBXGroup;
			children = (
				29CFF8AB1D964A0900AA3652 /* LaunchScreen.storyboard */,
				29CFF8A31D964A0900AA3652 /* Main.storyboard */,
			);
			name = Storyboards;
			sourceTree = "<group>";
		};
		29D18B901EF40A07002639E7 /* Custom Views/Layouts */ = {
			isa = PBXGroup;
			children = (
				29D18B8D1EF409A0002639E7 /* CustomCollectionViewLayout.swift */,
				29D18B911EF6841F002639E7 /* TextCell.swift */,
				29FC56951EF83AD700B1D443 /* SimpleImageSlideshow.swift */,
			);
			name = "Custom Views/Layouts";
			sourceTree = "<group>";
		};
/* End PBXGroup section */

/* Begin PBXNativeTarget section */
		29CFF89B1D964A0800AA3652 /* RamadanTimer */ = {
			isa = PBXNativeTarget;
			buildConfigurationList = 29CFF8B11D964A0900AA3652 /* Build configuration list for PBXNativeTarget "RamadanTimer" */;
			buildPhases = (
				29CFF8981D964A0800AA3652 /* Sources */,
				29CFF8991D964A0800AA3652 /* Frameworks */,
				29CFF89A1D964A0800AA3652 /* Resources */,
			);
			buildRules = (
			);
			dependencies = (
			);
			name = RamadanTimer;
			productName = RamadanTimer;
			productReference = 29CFF89C1D964A0800AA3652 /* RamadanTimer.app */;
			productType = "com.apple.product-type.application";
		};
/* End PBXNativeTarget section */

/* Begin PBXProject section */
		29CFF8941D964A0800AA3652 /* Project object */ = {
			isa = PBXProject;
			attributes = {
				LastSwiftUpdateCheck = 0800;
				LastUpgradeCheck = 1240;
				ORGANIZATIONNAME = Sumayyah;
				TargetAttributes = {
					29CFF89B1D964A0800AA3652 = {
						CreatedOnToolsVersion = 8.0;
						DevelopmentTeam = LFQH4LZUKK;
						LastSwiftMigration = 1140;
						ProvisioningStyle = Automatic;
					};
				};
			};
			buildConfigurationList = 29CFF8971D964A0800AA3652 /* Build configuration list for PBXProject "RamadanTimer" */;
			compatibilityVersion = "Xcode 3.2";
			developmentRegion = en;
			hasScannedForEncodings = 0;
			knownRegions = (
				en,
				Base,
			);
			mainGroup = 29CFF8931D964A0800AA3652;
			productRefGroup = 29CFF89D1D964A0800AA3652 /* Products */;
			projectDirPath = "";
			projectRoot = "";
			targets = (
				29CFF89B1D964A0800AA3652 /* RamadanTimer */,
			);
		};
/* End PBXProject section */

/* Begin PBXResourcesBuildPhase section */
		29CFF89A1D964A0800AA3652 /* Resources */ = {
			isa = PBXResourcesBuildPhase;
			buildActionMask = 2147483647;
			files = (
				29CFF8BD1D964F4300AA3652 /* stopeating.mp3 in Resources */,
				2957738F2464E4EA00129585 /* Cities.csv in Resources */,
				29CFF8BE1D964F4300AA3652 /* tenminutesleft.mp3 in Resources */,
				29CFF8C71D964FCC00AA3652 /* breakfast.mp3 in Resources */,
				29CFF8BC1D964F4300AA3652 /* Cities.tsv in Resources */,
				29CFF8C31D964FA800AA3652 /* oneminuteleft.mp3 in Resources */,
				29CFF8C51D964FC200AA3652 /* fiveminutesleft.mp3 in Resources */,
				29CFF8AD1D964A0900AA3652 /* LaunchScreen.storyboard in Resources */,
				29CFF8AA1D964A0900AA3652 /* Assets.xcassets in Resources */,
				29CFF8C11D964F4300AA3652 /* twentyminutesleft.mp3 in Resources */,
				29CFF8BF1D964F4300AA3652 /* thirtyminutesleft.mp3 in Resources */,
				29CFF8A51D964A0900AA3652 /* Main.storyboard in Resources */,
			);
			runOnlyForDeploymentPostprocessing = 0;
		};
/* End PBXResourcesBuildPhase section */

/* Begin PBXSourcesBuildPhase section */
		29CFF8981D964A0800AA3652 /* Sources */ = {
			isa = PBXSourcesBuildPhase;
			buildActionMask = 2147483647;
			files = (
				29CFF8CA1D965ED500AA3652 /* HelpfulFunctions.swift in Sources */,
				294F99E31FC70D9200925A89 /* LocationUtil.swift in Sources */,
				29D18B8A1EF2D525002639E7 /* Alarm.swift in Sources */,
				29D8DFD21EDAEB2500427359 /* UserSettings.swift in Sources */,
				29CFF8A21D964A0900AA3652 /* ViewController.swift in Sources */,
				29CFF8B51D964A7700AA3652 /* SuhurandIftarCalculator.swift in Sources */,
				29D8996420DFED7900D42F20 /* LocationSearchViewController.swift in Sources */,
				29CFF8A01D964A0800AA3652 /* AppDelegate.swift in Sources */,
				29FC56961EF83AD700B1D443 /* SimpleImageSlideshow.swift in Sources */,
				29D18B921EF6841F002639E7 /* TextCell.swift in Sources */,
				29D8996A20DFFCD600D42F20 /* RamadanTimer.xcdatamodeld in Sources */,
				295773912464E5C500129585 /* ChooseIntervalsTableViewController.swift in Sources */,
				29D8995C20DD241300D42F20 /* HighLatFajrMethodViewController.swift in Sources */,
				29D8996C20E91C4E00D42F20 /* LocationDetailViewController.swift in Sources */,
				296A7A941F795F9C00F3B608 /* PickerViewController.swift in Sources */,
				29084D3D1EFE9175001E6848 /* CalculationMethodsTableViewController.swift in Sources */,
				2941A400245FF37400F73411 /* Extensions.swift in Sources */,
				29B8BB5D1EDE0223006E3FD0 /* CalendarViewController.swift in Sources */,
				29084D3B1EFD4B5C001E6848 /* SettingsTableViewController.swift in Sources */,
				29D18B8E1EF409A0002639E7 /* CustomCollectionViewLayout.swift in Sources */,
				29D18B8C1EF2D64C002639E7 /* AlarmManager.swift in Sources */,
			);
			runOnlyForDeploymentPostprocessing = 0;
		};
/* End PBXSourcesBuildPhase section */

/* Begin PBXVariantGroup section */
		29CFF8A31D964A0900AA3652 /* Main.storyboard */ = {
			isa = PBXVariantGroup;
			children = (
				29CFF8A41D964A0900AA3652 /* Base */,
			);
			name = Main.storyboard;
			sourceTree = "<group>";
		};
		29CFF8AB1D964A0900AA3652 /* LaunchScreen.storyboard */ = {
			isa = PBXVariantGroup;
			children = (
				29CFF8AC1D964A0900AA3652 /* Base */,
			);
			name = LaunchScreen.storyboard;
			sourceTree = "<group>";
		};
/* End PBXVariantGroup section */

/* Begin XCBuildConfiguration section */
		29CFF8AF1D964A0900AA3652 /* Debug */ = {
			isa = XCBuildConfiguration;
			buildSettings = {
				ALWAYS_SEARCH_USER_PATHS = NO;
				CLANG_ANALYZER_LOCALIZABILITY_NONLOCALIZED = YES;
				CLANG_ANALYZER_NONNULL = YES;
				CLANG_CXX_LANGUAGE_STANDARD = "gnu++0x";
				CLANG_CXX_LIBRARY = "libc++";
				CLANG_ENABLE_MODULES = YES;
				CLANG_ENABLE_OBJC_ARC = YES;
				CLANG_WARN_BLOCK_CAPTURE_AUTORELEASING = YES;
				CLANG_WARN_BOOL_CONVERSION = YES;
				CLANG_WARN_COMMA = YES;
				CLANG_WARN_CONSTANT_CONVERSION = YES;
				CLANG_WARN_DEPRECATED_OBJC_IMPLEMENTATIONS = YES;
				CLANG_WARN_DIRECT_OBJC_ISA_USAGE = YES_ERROR;
				CLANG_WARN_DOCUMENTATION_COMMENTS = YES;
				CLANG_WARN_EMPTY_BODY = YES;
				CLANG_WARN_ENUM_CONVERSION = YES;
				CLANG_WARN_INFINITE_RECURSION = YES;
				CLANG_WARN_INT_CONVERSION = YES;
				CLANG_WARN_NON_LITERAL_NULL_CONVERSION = YES;
				CLANG_WARN_OBJC_IMPLICIT_RETAIN_SELF = YES;
				CLANG_WARN_OBJC_LITERAL_CONVERSION = YES;
				CLANG_WARN_OBJC_ROOT_CLASS = YES_ERROR;
				CLANG_WARN_QUOTED_INCLUDE_IN_FRAMEWORK_HEADER = YES;
				CLANG_WARN_RANGE_LOOP_ANALYSIS = YES;
				CLANG_WARN_STRICT_PROTOTYPES = YES;
				CLANG_WARN_SUSPICIOUS_MOVE = YES;
				CLANG_WARN_SUSPICIOUS_MOVES = YES;
				CLANG_WARN_UNREACHABLE_CODE = YES;
				CLANG_WARN__DUPLICATE_METHOD_MATCH = YES;
				"CODE_SIGN_IDENTITY[sdk=iphoneos*]" = "iPhone Developer";
				COPY_PHASE_STRIP = NO;
				DEBUG_INFORMATION_FORMAT = dwarf;
				ENABLE_STRICT_OBJC_MSGSEND = YES;
				ENABLE_TESTABILITY = YES;
				GCC_C_LANGUAGE_STANDARD = gnu99;
				GCC_DYNAMIC_NO_PIC = NO;
				GCC_NO_COMMON_BLOCKS = YES;
				GCC_OPTIMIZATION_LEVEL = 0;
				GCC_PREPROCESSOR_DEFINITIONS = (
					"DEBUG=1",
					"$(inherited)",
				);
				GCC_WARN_64_TO_32_BIT_CONVERSION = YES;
				GCC_WARN_ABOUT_RETURN_TYPE = YES_ERROR;
				GCC_WARN_UNDECLARED_SELECTOR = YES;
				GCC_WARN_UNINITIALIZED_AUTOS = YES_AGGRESSIVE;
				GCC_WARN_UNUSED_FUNCTION = YES;
				GCC_WARN_UNUSED_VARIABLE = YES;
				IPHONEOS_DEPLOYMENT_TARGET = 12.0;
				MTL_ENABLE_DEBUG_INFO = YES;
				ONLY_ACTIVE_ARCH = YES;
				SDKROOT = iphoneos;
				SWIFT_ACTIVE_COMPILATION_CONDITIONS = DEBUG;
				SWIFT_OPTIMIZATION_LEVEL = "-Onone";
				TARGETED_DEVICE_FAMILY = "1,2";
			};
			name = Debug;
		};
		29CFF8B01D964A0900AA3652 /* Release */ = {
			isa = XCBuildConfiguration;
			buildSettings = {
				ALWAYS_SEARCH_USER_PATHS = NO;
				CLANG_ANALYZER_LOCALIZABILITY_NONLOCALIZED = YES;
				CLANG_ANALYZER_NONNULL = YES;
				CLANG_CXX_LANGUAGE_STANDARD = "gnu++0x";
				CLANG_CXX_LIBRARY = "libc++";
				CLANG_ENABLE_MODULES = YES;
				CLANG_ENABLE_OBJC_ARC = YES;
				CLANG_WARN_BLOCK_CAPTURE_AUTORELEASING = YES;
				CLANG_WARN_BOOL_CONVERSION = YES;
				CLANG_WARN_COMMA = YES;
				CLANG_WARN_CONSTANT_CONVERSION = YES;
				CLANG_WARN_DEPRECATED_OBJC_IMPLEMENTATIONS = YES;
				CLANG_WARN_DIRECT_OBJC_ISA_USAGE = YES_ERROR;
				CLANG_WARN_DOCUMENTATION_COMMENTS = YES;
				CLANG_WARN_EMPTY_BODY = YES;
				CLANG_WARN_ENUM_CONVERSION = YES;
				CLANG_WARN_INFINITE_RECURSION = YES;
				CLANG_WARN_INT_CONVERSION = YES;
				CLANG_WARN_NON_LITERAL_NULL_CONVERSION = YES;
				CLANG_WARN_OBJC_IMPLICIT_RETAIN_SELF = YES;
				CLANG_WARN_OBJC_LITERAL_CONVERSION = YES;
				CLANG_WARN_OBJC_ROOT_CLASS = YES_ERROR;
				CLANG_WARN_QUOTED_INCLUDE_IN_FRAMEWORK_HEADER = YES;
				CLANG_WARN_RANGE_LOOP_ANALYSIS = YES;
				CLANG_WARN_STRICT_PROTOTYPES = YES;
				CLANG_WARN_SUSPICIOUS_MOVE = YES;
				CLANG_WARN_SUSPICIOUS_MOVES = YES;
				CLANG_WARN_UNREACHABLE_CODE = YES;
				CLANG_WARN__DUPLICATE_METHOD_MATCH = YES;
				"CODE_SIGN_IDENTITY[sdk=iphoneos*]" = "iPhone Developer";
				COPY_PHASE_STRIP = NO;
				DEBUG_INFORMATION_FORMAT = "dwarf-with-dsym";
				ENABLE_NS_ASSERTIONS = NO;
				ENABLE_STRICT_OBJC_MSGSEND = YES;
				GCC_C_LANGUAGE_STANDARD = gnu99;
				GCC_NO_COMMON_BLOCKS = YES;
				GCC_WARN_64_TO_32_BIT_CONVERSION = YES;
				GCC_WARN_ABOUT_RETURN_TYPE = YES_ERROR;
				GCC_WARN_UNDECLARED_SELECTOR = YES;
				GCC_WARN_UNINITIALIZED_AUTOS = YES_AGGRESSIVE;
				GCC_WARN_UNUSED_FUNCTION = YES;
				GCC_WARN_UNUSED_VARIABLE = YES;
				IPHONEOS_DEPLOYMENT_TARGET = 12.0;
				MTL_ENABLE_DEBUG_INFO = NO;
				SDKROOT = iphoneos;
				SWIFT_OPTIMIZATION_LEVEL = "-Owholemodule";
				TARGETED_DEVICE_FAMILY = "1,2";
				VALIDATE_PRODUCT = YES;
			};
			name = Release;
		};
		29CFF8B21D964A0900AA3652 /* Debug */ = {
			isa = XCBuildConfiguration;
			buildSettings = {
				ASSETCATALOG_COMPILER_APPICON_NAME = AppIcon;
				DEVELOPMENT_TEAM = LFQH4LZUKK;
				INFOPLIST_FILE = RamadanTimer/Info.plist;
				LD_RUNPATH_SEARCH_PATHS = "$(inherited) @executable_path/Frameworks";
				PRODUCT_BUNDLE_IDENTIFIER = com.technonstop.RamadanTimer;
				PRODUCT_NAME = "$(TARGET_NAME)";
				SWIFT_SWIFT3_OBJC_INFERENCE = Default;
				SWIFT_VERSION = 5.0;
			};
			name = Debug;
		};
		29CFF8B31D964A0900AA3652 /* Release */ = {
			isa = XCBuildConfiguration;
			buildSettings = {
				ASSETCATALOG_COMPILER_APPICON_NAME = AppIcon;
				DEVELOPMENT_TEAM = LFQH4LZUKK;
				INFOPLIST_FILE = RamadanTimer/Info.plist;
				LD_RUNPATH_SEARCH_PATHS = "$(inherited) @executable_path/Frameworks";
				PRODUCT_BUNDLE_IDENTIFIER = com.technonstop.RamadanTimer;
				PRODUCT_NAME = "$(TARGET_NAME)";
				SWIFT_SWIFT3_OBJC_INFERENCE = Default;
				SWIFT_VERSION = 5.0;
			};
			name = Release;
		};
/* End XCBuildConfiguration section */

/* Begin XCConfigurationList section */
		29CFF8971D964A0800AA3652 /* Build configuration list for PBXProject "RamadanTimer" */ = {
			isa = XCConfigurationList;
			buildConfigurations = (
				29CFF8AF1D964A0900AA3652 /* Debug */,
				29CFF8B01D964A0900AA3652 /* Release */,
			);
			defaultConfigurationIsVisible = 0;
			defaultConfigurationName = Release;
		};
		29CFF8B11D964A0900AA3652 /* Build configuration list for PBXNativeTarget "RamadanTimer" */ = {
			isa = XCConfigurationList;
			buildConfigurations = (
				29CFF8B21D964A0900AA3652 /* Debug */,
				29CFF8B31D964A0900AA3652 /* Release */,
			);
			defaultConfigurationIsVisible = 0;
			defaultConfigurationName = Release;
		};
/* End XCConfigurationList section */

/* Begin XCVersionGroup section */
		29D8996820DFFCD600D42F20 /* RamadanTimer.xcdatamodeld */ = {
			isa = XCVersionGroup;
			children = (
				29D8996920DFFCD600D42F20 /* RamadanTimer.xcdatamodel */,
			);
			currentVersion = 29D8996920DFFCD600D42F20 /* RamadanTimer.xcdatamodel */;
			path = RamadanTimer.xcdatamodeld;
			sourceTree = "<group>";
			versionGroupType = wrapper.xcdatamodel;
		};
/* End XCVersionGroup section */
	};
	rootObject = 29CFF8941D964A0800AA3652 /* Project object */;
}
