// !$*UTF8*$!
{
	archiveVersion = 1;
	classes = {
	};
	objectVersion = 46;
	objects = {

/* Begin PBXBuildFile section */
		29CFF8A01D964A0800AA3652 /* AppDelegate.swift in Sources */ = {isa = PBXBuildFile; fileRef = 29CFF89F1D964A0800AA3652 /* AppDelegate.swift */; };
		29CFF8A21D964A0900AA3652 /* ViewController.swift in Sources */ = {isa = PBXBuildFile; fileRef = 29CFF8A11D964A0900AA3652 /* ViewController.swift */; };
		29CFF8A51D964A0900AA3652 /* Main.storyboard in Resources */ = {isa = PBXBuildFile; fileRef = 29CFF8A31D964A0900AA3652 /* Main.storyboard */; };
		29CFF8A81D964A0900AA3652 /* RamadanTimer.xcdatamodeld in Sources */ = {isa = PBXBuildFile; fileRef = 29CFF8A61D964A0900AA3652 /* RamadanTimer.xcdatamodeld */; };
		29CFF8AA1D964A0900AA3652 /* Assets.xcassets in Resources */ = {isa = PBXBuildFile; fileRef = 29CFF8A91D964A0900AA3652 /* Assets.xcassets */; };
		29CFF8AD1D964A0900AA3652 /* LaunchScreen.storyboard in Resources */ = {isa = PBXBuildFile; fileRef = 29CFF8AB1D964A0900AA3652 /* LaunchScreen.storyboard */; };
/* End PBXBuildFile section */

/* Begin PBXFileReference section */
		29CFF89C1D964A0800AA3652 /* RamadanTimer.app */ = {isa = PBXFileReference; explicitFileType = wrapper.application; includeInIndex = 0; path = RamadanTimer.app; sourceTree = BUILT_PRODUCTS_DIR; };
		29CFF89F1D964A0800AA3652 /* AppDelegate.swift */ = {isa = PBXFileReference; lastKnownFileType = sourcecode.swift; path = AppDelegate.swift; sourceTree = "<group>"; };
		29CFF8A11D964A0900AA3652 /* ViewController.swift */ = {isa = PBXFileReference; lastKnownFileType = sourcecode.swift; path = ViewController.swift; sourceTree = "<group>"; };
		29CFF8A41D964A0900AA3652 /* Base */ = {isa = PBXFileReference; lastKnownFileType = file.storyboard; name = Base; path = Base.lproj/Main.storyboard; sourceTree = "<group>"; };
		29CFF8A71D964A0900AA3652 /* RamadanTimer.xcdatamodel */ = {isa = PBXFileReference; lastKnownFileType = wrapper.xcdatamodel; path = RamadanTimer.xcdatamodel; sourceTree = "<group>"; };
		29CFF8A91D964A0900AA3652 /* Assets.xcassets */ = {isa = PBXFileReference; lastKnownFileType = folder.assetcatalog; path = Assets.xcassets; sourceTree = "<group>"; };
		29CFF8AC1D964A0900AA3652 /* Base */ = {isa = PBXFileReference; lastKnownFileType = file.storyboard; name = Base; path = Base.lproj/LaunchScreen.storyboard; sourceTree = "<group>"; };
		29CFF8AE1D964A0900AA3652 /* Info.plist */ = {isa = PBXFileReference; lastKnownFileType = text.plist.xml; path = Info.plist; sourceTree = "<group>"; };
/* End PBXFileReference section */

/* Begin PBXFrameworksBuildPhase section */
		29CFF8991D964A0800AA3652 /* Frameworks */ = {
			isa = PBXFrameworksBuildPhase;
			buildActionMask = 2147483647;
			files = (
			);
			runOnlyForDeploymentPostprocessing = 0;
		};
/* End PBXFrameworksBuildPhase section */

/* Begin PBXGroup section */
		29CFF8931D964A0800AA3652 = {
			isa = PBXGroup;
			children = (
				29CFF89E1D964A0800AA3652 /* RamadanTimer */,
				29CFF89D1D964A0800AA3652 /* Products */,
			);
			sourceTree = "<group>";
		};
		29CFF89D1D964A0800AA3652 /* Products */ = {
			isa = PBXGroup;
			children = (
				29CFF89C1D964A0800AA3652 /* RamadanTimer.app */,
			);
			name = Products;
			sourceTree = "<group>";
		};
		29CFF89E1D964A0800AA3652 /* RamadanTimer */ = {
			isa = PBXGroup;
			children = (
				29CFF89F1D964A0800AA3652 /* AppDelegate.swift */,
				29CFF8A11D964A0900AA3652 /* ViewController.swift */,
				29CFF8A31D964A0900AA3652 /* Main.storyboard */,
				29CFF8A91D964A0900AA3652 /* Assets.xcassets */,
				29CFF8AB1D964A0900AA3652 /* LaunchScreen.storyboard */,
				29CFF8AE1D964A0900AA3652 /* Info.plist */,
				29CFF8A61D964A0900AA3652 /* RamadanTimer.xcdatamodeld */,
			);
			path = RamadanTimer;
			sourceTree = "<group>";
		};
/* End PBXGroup section */

/* Begin PBXNativeTarget section */
		29CFF89B1D964A0800AA3652 /* RamadanTimer */ = {
			isa = PBXNativeTarget;
			buildConfigurationList = 29CFF8B11D964A0900AA3652 /* Build configuration list for PBXNativeTarget "RamadanTimer" */;
			buildPhases = (
				29CFF8981D964A0800AA3652 /* Sources */,
				29CFF8991D964A0800AA3652 /* Frameworks */,
				29CFF89A1D964A0800AA3652 /* Resources */,
			);
			buildRules = (
			);
			dependencies = (
			);
			name = RamadanTimer;
			productName = RamadanTimer;
			productReference = 29CFF89C1D964A0800AA3652 /* RamadanTimer.app */;
			productType = "com.apple.product-type.application";
		};
/* End PBXNativeTarget section */

/* Begin PBXProject section */
		29CFF8941D964A0800AA3652 /* Project object */ = {
			isa = PBXProject;
			attributes = {
				LastSwiftUpdateCheck = 0800;
				LastUpgradeCheck = 0800;
				ORGANIZATIONNAME = Sumayyah;
				TargetAttributes = {
					29CFF89B1D964A0800AA3652 = {
						CreatedOnToolsVersion = 8.0;
						DevelopmentTeam = LFQH4LZUKK;
						ProvisioningStyle = Automatic;
					};
				};
			};
			buildConfigurationList = 29CFF8971D964A0800AA3652 /* Build configuration list for PBXProject "RamadanTimer" */;
			compatibilityVersion = "Xcode 3.2";
			developmentRegion = English;
			hasScannedForEncodings = 0;
			knownRegions = (
				en,
				Base,
			);
			mainGroup = 29CFF8931D964A0800AA3652;
			productRefGroup = 29CFF89D1D964A0800AA3652 /* Products */;
			projectDirPath = "";
			projectRoot = "";
			targets = (
				29CFF89B1D964A0800AA3652 /* RamadanTimer */,
			);
		};
/* End PBXProject section */

/* Begin PBXResourcesBuildPhase section */
		29CFF89A1D964A0800AA3652 /* Resources */ = {
			isa = PBXResourcesBuildPhase;
			buildActionMask = 2147483647;
			files = (
				29CFF8AD1D964A0900AA3652 /* LaunchScreen.storyboard in Resources */,
				29CFF8AA1D964A0900AA3652 /* Assets.xcassets in Resources */,
				29CFF8A51D964A0900AA3652 /* Main.storyboard in Resources */,
			);
			runOnlyForDeploymentPostprocessing = 0;
		};
/* End PBXResourcesBuildPhase section */

/* Begin PBXSourcesBuildPhase section */
		29CFF8981D964A0800AA3652 /* Sources */ = {
			isa = PBXSourcesBuildPhase;
			buildActionMask = 2147483647;
			files = (
				29CFF8A81D964A0900AA3652 /* RamadanTimer.xcdatamodeld in Sources */,
				29CFF8A21D964A0900AA3652 /* ViewController.swift in Sources */,
				29CFF8A01D964A0800AA3652 /* AppDelegate.swift in Sources */,
			);
			runOnlyForDeploymentPostprocessing = 0;
		};
/* End PBXSourcesBuildPhase section */

/* Begin PBXVariantGroup section */
		29CFF8A31D964A0900AA3652 /* Main.storyboard */ = {
			isa = PBXVariantGroup;
			children = (
				29CFF8A41D964A0900AA3652 /* Base */,
			);
			name = Main.storyboard;
			sourceTree = "<group>";
		};
		29CFF8AB1D964A0900AA3652 /* LaunchScreen.storyboard */ = {
			isa = PBXVariantGroup;
			children = (
				29CFF8AC1D964A0900AA3652 /* Base */,
			);
			name = LaunchScreen.storyboard;
			sourceTree = "<group>";
		};
/* End PBXVariantGroup section */

/* Begin XCBuildConfiguration section */
		29CFF8AF1D964A0900AA3652 /* Debug */ = {
			isa = XCBuildConfiguration;
			buildSettings = {
				ALWAYS_SEARCH_USER_PATHS = NO;
				CLANG_ANALYZER_NONNULL = YES;
				CLANG_CXX_LANGUAGE_STANDARD = "gnu++0x";
				CLANG_CXX_LIBRARY = "libc++";
				CLANG_ENABLE_MODULES = YES;
				CLANG_ENABLE_OBJC_ARC = YES;
				CLANG_WARN_BOOL_CONVERSION = YES;
				CLANG_WARN_CONSTANT_CONVERSION = YES;
				CLANG_WARN_DIRECT_OBJC_ISA_USAGE = YES_ERROR;
				CLANG_WARN_DOCUMENTATION_COMMENTS = YES;
				CLANG_WARN_EMPTY_BODY = YES;
				CLANG_WARN_ENUM_CONVERSION = YES;
				CLANG_WARN_INFINITE_RECURSION = YES;
				CLANG_WARN_INT_CONVERSION = YES;
				CLANG_WARN_OBJC_ROOT_CLASS = YES_ERROR;
				CLANG_WARN_SUSPICIOUS_MOVES = YES;
				CLANG_WARN_UNREACHABLE_CODE = YES;
				CLANG_WARN__DUPLICATE_METHOD_MATCH = YES;
				"CODE_SIGN_IDENTITY[sdk=iphoneos*]" = "iPhone Developer";
				COPY_PHASE_STRIP = NO;
				DEBUG_INFORMATION_FORMAT = dwarf;
				ENABLE_STRICT_OBJC_MSGSEND = YES;
				ENABLE_TESTABILITY = YES;
				GCC_C_LANGUAGE_STANDARD = gnu99;
				GCC_DYNAMIC_NO_PIC = NO;
				GCC_NO_COMMON_BLOCKS = YES;
				GCC_OPTIMIZATION_LEVEL = 0;
				GCC_PREPROCESSOR_DEFINITIONS = (
					"DEBUG=1",
					"$(inherited)",
				);
				GCC_WARN_64_TO_32_BIT_CONVERSION = YES;
				GCC_WARN_ABOUT_RETURN_TYPE = YES_ERROR;
				GCC_WARN_UNDECLARED_SELECTOR = YES;
				GCC_WARN_UNINITIALIZED_AUTOS = YES_AGGRESSIVE;
				GCC_WARN_UNUSED_FUNCTION = YES;
				GCC_WARN_UNUSED_VARIABLE = YES;
				IPHONEOS_DEPLOYMENT_TARGET = 10.0;
				MTL_ENABLE_DEBUG_INFO = YES;
				ONLY_ACTIVE_ARCH = YES;
				SDKROOT = iphoneos;
				SWIFT_ACTIVE_COMPILATION_CONDITIONS = DEBUG;
				SWIFT_OPTIMIZATION_LEVEL = "-Onone";
				TARGETED_DEVICE_FAMILY = "1,2";
			};
			name = Debug;
		};
		29CFF8B01D964A0900AA3652 /* Release */ = {
			isa = XCBuildConfiguration;
			buildSettings = {
				ALWAYS_SEARCH_USER_PATHS = NO;
				CLANG_ANALYZER_NONNULL = YES;
				CLANG_CXX_LANGUAGE_STANDARD = "gnu++0x";
				CLANG_CXX_LIBRARY = "libc++";
				CLANG_ENABLE_MODULES = YES;
				CLANG_ENABLE_OBJC_ARC = YES;
				CLANG_WARN_BOOL_CONVERSION = YES;
				CLANG_WARN_CONSTANT_CONVERSION = YES;
				CLANG_WARN_DIRECT_OBJC_ISA_USAGE = YES_ERROR;
				CLANG_WARN_DOCUMENTATION_COMMENTS = YES;
				CLANG_WARN_EMPTY_BODY = YES;
				CLANG_WARN_ENUM_CONVERSION = YES;
				CLANG_WARN_INFINITE_RECURSION = YES;
				CLANG_WARN_INT_CONVERSION = YES;
				CLANG_WARN_OBJC_ROOT_CLASS = YES_ERROR;
				CLANG_WARN_SUSPICIOUS_MOVES = YES;
				CLANG_WARN_UNREACHABLE_CODE = YES;
				CLANG_WARN__DUPLICATE_METHOD_MATCH = YES;
				"CODE_SIGN_IDENTITY[sdk=iphoneos*]" = "iPhone Developer";
				COPY_PHASE_STRIP = NO;
				DEBUG_INFORMATION_FORMAT = "dwarf-with-dsym";
				ENABLE_NS_ASSERTIONS = NO;
				ENABLE_STRICT_OBJC_MSGSEND = YES;
				GCC_C_LANGUAGE_STANDARD = gnu99;
				GCC_NO_COMMON_BLOCKS = YES;
				GCC_WARN_64_TO_32_BIT_CONVERSION = YES;
				GCC_WARN_ABOUT_RETURN_TYPE = YES_ERROR;
				GCC_WARN_UNDECLARED_SELECTOR = YES;
				GCC_WARN_UNINITIALIZED_AUTOS = YES_AGGRESSIVE;
				GCC_WARN_UNUSED_FUNCTION = YES;
				GCC_WARN_UNUSED_VARIABLE = YES;
				IPHONEOS_DEPLOYMENT_TARGET = 10.0;
				MTL_ENABLE_DEBUG_INFO = NO;
				SDKROOT = iphoneos;
				SWIFT_OPTIMIZATION_LEVEL = "-Owholemodule";
				TARGETED_DEVICE_FAMILY = "1,2";
				VALIDATE_PRODUCT = YES;
			};
			name = Release;
		};
		29CFF8B21D964A0900AA3652 /* Debug */ = {
			isa = XCBuildConfiguration;
			buildSettings = {
				ASSETCATALOG_COMPILER_APPICON_NAME = AppIcon;
				DEVELOPMENT_TEAM = LFQH4LZUKK;
				INFOPLIST_FILE = RamadanTimer/Info.plist;
				LD_RUNPATH_SEARCH_PATHS = "$(inherited) @executable_path/Frameworks";
				PRODUCT_BUNDLE_IDENTIFIER = sumayyah.RamadanTimer;
				PRODUCT_NAME = "$(TARGET_NAME)";
				SWIFT_VERSION = 3.0;
			};
			name = Debug;
		};
		29CFF8B31D964A0900AA3652 /* Release */ = {
			isa = XCBuildConfiguration;
			buildSettings = {
				ASSETCATALOG_COMPILER_APPICON_NAME = AppIcon;
				DEVELOPMENT_TEAM = LFQH4LZUKK;
				INFOPLIST_FILE = RamadanTimer/Info.plist;
				LD_RUNPATH_SEARCH_PATHS = "$(inherited) @executable_path/Frameworks";
				PRODUCT_BUNDLE_IDENTIFIER = sumayyah.RamadanTimer;
				PRODUCT_NAME = "$(TARGET_NAME)";
				SWIFT_VERSION = 3.0;
			};
			name = Release;
		};
/* End XCBuildConfiguration section */

/* Begin XCConfigurationList section */
		29CFF8971D964A0800AA3652 /* Build configuration list for PBXProject "RamadanTimer" */ = {
			isa = XCConfigurationList;
			buildConfigurations = (
				29CFF8AF1D964A0900AA3652 /* Debug */,
				29CFF8B01D964A0900AA3652 /* Release */,
			);
			defaultConfigurationIsVisible = 0;
			defaultConfigurationName = Release;
		};
		29CFF8B11D964A0900AA3652 /* Build configuration list for PBXNativeTarget "RamadanTimer" */ = {
			isa = XCConfigurationList;
			buildConfigurations = (
				29CFF8B21D964A0900AA3652 /* Debug */,
				29CFF8B31D964A0900AA3652 /* Release */,
			);
			defaultConfigurationIsVisible = 0;
		};
/* End XCConfigurationList section */

/* Begin XCVersionGroup section */
		29CFF8A61D964A0900AA3652 /* RamadanTimer.xcdatamodeld */ = {
			isa = XCVersionGroup;
			children = (
				29CFF8A71D964A0900AA3652 /* RamadanTimer.xcdatamodel */,
			);
			currentVersion = 29CFF8A71D964A0900AA3652 /* RamadanTimer.xcdatamodel */;
			path = RamadanTimer.xcdatamodeld;
			sourceTree = "<group>";
			versionGroupType = wrapper.xcdatamodel;
		};
/* End XCVersionGroup section */
	};
	rootObject = 29CFF8941D964A0800AA3652 /* Project object */;
}
